
Microsoft Visual Studio Solution File, Format Version 12.00
Project("{FAE04EC0-301F-11D3-BF4B-00C04F79EFBC}") = "HotelBooking", "HotelBooking\HotelBooking.csproj", "{65F1E48E-1AB3-4DFE-B6FD-6FC82F8A95F1}"
EndProject
Project("{2150E333-8FDC-42A3-9474-1A3956D46DE8}") = "Domain", "Domain", "{B36A91CF-66FE-4D7F-8F00-BABFA1C79AF5}"
EndProject
Project("{FAE04EC0-301F-11D3-BF4B-00C04F79EFBC}") = "HotelBooking.Domain", "HotelBooking.Domain\HotelBooking.Domain.csproj", "{6F6D7E5A-3C82-4AF1-B98A-F8114E926331}"
EndProject
Project("{2150E333-8FDC-42A3-9474-1A3956D46DE8}") = "DAL", "DAL", "{B186D70B-EC39-4D41-B258-A7647C99F0E2}"
EndProject
Project("{FAE04EC0-301F-11D3-BF4B-00C04F79EFBC}") = "HotelBooking.DAL", "HotelBooking.DAL\HotelBooking.DAL.csproj", "{4F6574BB-6CB9-43C3-9B75-9139725DB975}"
EndProject
Project("{2150E333-8FDC-42A3-9474-1A3956D46DE8}") = "Service", "Service", "{38FA19EA-C3E6-4691-A9FC-D4DA31BB85CA}"
EndProject
Project("{FAE04EC0-301F-11D3-BF4B-00C04F79EFBC}") = "HotelBooking.Service", "HotelBooking.Service\HotelBooking.Service.csproj", "{F1D6A4F3-0E43-4880-BDC4-325B4176458A}"
EndProject
Global
	GlobalSection(SolutionConfigurationPlatforms) = preSolution
		Debug|Any CPU = Debug|Any CPU
		Release|Any CPU = Release|Any CPU
	EndGlobalSection
	GlobalSection(ProjectConfigurationPlatforms) = postSolution
		{65F1E48E-1AB3-4DFE-B6FD-6FC82F8A95F1}.Debug|Any CPU.ActiveCfg = Debug|Any CPU
		{65F1E48E-1AB3-4DFE-B6FD-6FC82F8A95F1}.Debug|Any CPU.Build.0 = Debug|Any CPU
		{65F1E48E-1AB3-4DFE-B6FD-6FC82F8A95F1}.Release|Any CPU.ActiveCfg = Release|Any CPU
		{65F1E48E-1AB3-4DFE-B6FD-6FC82F8A95F1}.Release|Any CPU.Build.0 = Release|Any CPU
		{6F6D7E5A-3C82-4AF1-B98A-F8114E926331}.Debug|Any CPU.ActiveCfg = Debug|Any CPU
		{6F6D7E5A-3C82-4AF1-B98A-F8114E926331}.Debug|Any CPU.Build.0 = Debug|Any CPU
		{6F6D7E5A-3C82-4AF1-B98A-F8114E926331}.Release|Any CPU.ActiveCfg = Release|Any CPU
		{6F6D7E5A-3C82-4AF1-B98A-F8114E926331}.Release|Any CPU.Build.0 = Release|Any CPU
		{4F6574BB-6CB9-43C3-9B75-9139725DB975}.Debug|Any CPU.ActiveCfg = Debug|Any CPU
		{4F6574BB-6CB9-43C3-9B75-9139725DB975}.Debug|Any CPU.Build.0 = Debug|Any CPU
		{4F6574BB-6CB9-43C3-9B75-9139725DB975}.Release|Any CPU.ActiveCfg = Release|Any CPU
		{4F6574BB-6CB9-43C3-9B75-9139725DB975}.Release|Any CPU.Build.0 = Release|Any CPU
		{F1D6A4F3-0E43-4880-BDC4-325B4176458A}.Debug|Any CPU.ActiveCfg = Debug|Any CPU
		{F1D6A4F3-0E43-4880-BDC4-325B4176458A}.Debug|Any CPU.Build.0 = Debug|Any CPU
		{F1D6A4F3-0E43-4880-BDC4-325B4176458A}.Release|Any CPU.ActiveCfg = Release|Any CPU
		{F1D6A4F3-0E43-4880-BDC4-325B4176458A}.Release|Any CPU.Build.0 = Release|Any CPU
	EndGlobalSection
	GlobalSection(NestedProjects) = preSolution
		{6F6D7E5A-3C82-4AF1-B98A-F8114E926331} = {B36A91CF-66FE-4D7F-8F00-BABFA1C79AF5}
		{4F6574BB-6CB9-43C3-9B75-9139725DB975} = {B186D70B-EC39-4D41-B258-A7647C99F0E2}
		{F1D6A4F3-0E43-4880-BDC4-325B4176458A} = {38FA19EA-C3E6-4691-A9FC-D4DA31BB85CA}
	EndGlobalSection
EndGlobal
